lockfileVersion: '9.0'

settings:
  autoInstallPeers: true
  excludeLinksFromLockfile: false

importers:

  .:
    dependencies:
      '@t3-oss/env-nextjs':
        specifier: ^0.13.8
        version: 0.13.8(zod@4.1.13)
      zod:
        specifier: ^4.1.13
        version: 4.1.13

packages:

  '@t3-oss/env-core@0.13.8':
    resolution: {integrity: sha512-L1inmpzLQyYu4+Q1DyrXsGJYCXbtXjC4cICw1uAKv0ppYPQv656lhZPU91Qd1VS6SO/bou1/q5ufVzBGbNsUpw==}
    peerDependencies:
      arktype: ^2.1.0
      typescript: '>=5.0.0'
      valibot: ^1.0.0-beta.7 || ^1.0.0
      zod: ^3.24.0 || ^4.0.0-beta.0
    peerDependenciesMeta:
      arktype:
        optional: true
      typescript:
        optional: true
      valibot:
        optional: true
      zod:
        optional: true

  '@t3-oss/env-nextjs@0.13.8':
    resolution: {integrity: sha512-QmTLnsdQJ8BiQad2W2nvV6oUpH4oMZMqnFEjhVpzU0h3sI9hn8zb8crjWJ1Amq453mGZs6A4v4ihIeBFDOrLeQ==}
    peerDependencies:
      arktype: ^2.1.0
      typescript: '>=5.0.0'
      valibot: ^1.0.0-beta.7 || ^1.0.0
      zod: ^3.24.0 || ^4.0.0-beta.0
    peerDependenciesMeta:
      arktype:
        optional: true
      typescript:
        optional: true
      valibot:
        optional: true
      zod:
        optional: true

  zod@4.1.13:
    resolution: {integrity: sha512-AvvthqfqrAhNH9dnfmrfKzX5upOdjUVJYFqNSlkmGf64gRaTzlPwz99IHYnVs28qYAybvAlBV+H7pn0saFY4Ig==}

snapshots:

  '@t3-oss/env-core@0.13.8(zod@4.1.13)':
    optionalDependencies:
      zod: 4.1.13

  '@t3-oss/env-nextjs@0.13.8(zod@4.1.13)':
    dependencies:
      '@t3-oss/env-core': 0.13.8(zod@4.1.13)
    optionalDependencies:
      zod: 4.1.13

  zod@4.1.13: {}
